
Microsoft Visual Studio Solution File, Format Version 12.00
# Visual Studio 15
VisualStudioVersion = 15.0.27004.2010
MinimumVisualStudioVersion = 10.0.40219.1
Project("{FAE04EC0-301F-11D3-BF4B-00C04F79EFBC}") = "SimpleFileManager", "SimpleFileManager\SimpleFileManager.csproj", "{3EE35362-C7D8-43B5-BADB-1F9563E48D6B}"
EndProject
Global
	GlobalSection(SolutionConfigurationPlatforms) = preSolution
		Debug|Any CPU = Debug|Any CPU
		Release|Any CPU = Release|Any CPU
	EndGlobalSection
	GlobalSection(ProjectConfigurationPlatforms) = postSolution
		{3EE35362-C7D8-43B5-BADB-1F9563E48D6B}.Debug|Any CPU.ActiveCfg = Debug|Any CPU
		{3EE35362-C7D8-43B5-BADB-1F9563E48D6B}.Debug|Any CPU.Build.0 = Debug|Any CPU
		{3EE35362-C7D8-43B5-BADB-1F9563E48D6B}.Release|Any CPU.ActiveCfg = Release|Any CPU
		{3EE35362-C7D8-43B5-BADB-1F9563E48D6B}.Release|Any CPU.Build.0 = Release|Any CPU
	EndGlobalSection
	GlobalSection(SolutionProperties) = preSolution
		HideSolutionNode = FALSE
	EndGlobalSection
	GlobalSection(ExtensibilityGlobals) = postSolution
		SolutionGuid = {AAF235DF-D239-47F6-AFF0-5E7C81613D63}
	EndGlobalSection
EndGlobal
